
Microsoft Visual Studio Solution File, Format Version 12.00
# Visual Studio Version 17
VisualStudioVersion = 17.7.34031.279
MinimumVisualStudioVersion = 10.0.40219.1
Project("{FAE04EC0-301F-11D3-BF4B-00C04F79EFBC}") = "ShoppingCart", "ShoppingCart.csproj", "{BE8BBC09-981C-4032-8ABA-FFE013AFE271}"
EndProject
Global
	GlobalSection(SolutionConfigurationPlatforms) = preSolution
		Debug|Any CPU = Debug|Any CPU
		Release|Any CPU = Release|Any CPU
	EndGlobalSection
	GlobalSection(ProjectConfigurationPlatforms) = postSolution
		{BE8BBC09-981C-4032-8ABA-FFE013AFE271}.Debug|Any CPU.ActiveCfg = Debug|Any CPU
		{BE8BBC09-981C-4032-8ABA-FFE013AFE271}.Debug|Any CPU.Build.0 = Debug|Any CPU
		{BE8BBC09-981C-4032-8ABA-FFE013AFE271}.Release|Any CPU.ActiveCfg = Release|Any CPU
		{BE8BBC09-981C-4032-8ABA-FFE013AFE271}.Release|Any CPU.Build.0 = Release|Any CPU
	EndGlobalSection
	GlobalSection(SolutionProperties) = preSolution
		HideSolutionNode = FALSE
	EndGlobalSection
	GlobalSection(ExtensibilityGlobals) = postSolution
		SolutionGuid = {BD7242D7-84C3-4FBE-B882-31A3602FF7D7}
	EndGlobalSection
EndGlobal
